
Microsoft Visual Studio Solution File, Format Version 12.00
# Visual Studio 15
Project("{FAE04EC0-301F-11D3-BF4B-00C04F79EFBC}") = "CustomToolTest", "CustomToolTest\CustomToolTest.csproj", "{9BD90B46-E6B7-4AB3-B50F-8B376BA50F2B}"
EndProject
Project("{FAE04EC0-301F-11D3-BF4B-00C04F79EFBC}") = "CustomTool", "CustomTool\CustomTool.csproj", "{4251B888-10B0-4157-AD88-E7CB7B949FBE}"
EndProject
Global
	GlobalSection(SolutionConfigurationPlatforms) = preSolution
		Debug|Any CPU = Debug|Any CPU
		Release|Any CPU = Release|Any CPU
	EndGlobalSection
	GlobalSection(ProjectConfigurationPlatforms) = postSolution
		{9BD90B46-E6B7-4AB3-B50F-8B376BA50F2B}.Debug|Any CPU.ActiveCfg = Debug|Any CPU
		{9BD90B46-E6B7-4AB3-B50F-8B376BA50F2B}.Debug|Any CPU.Build.0 = Debug|Any CPU
		{9BD90B46-E6B7-4AB3-B50F-8B376BA50F2B}.Release|Any CPU.ActiveCfg = Release|Any CPU
		{9BD90B46-E6B7-4AB3-B50F-8B376BA50F2B}.Release|Any CPU.Build.0 = Release|Any CPU
		{4251B888-10B0-4157-AD88-E7CB7B949FBE}.Debug|Any CPU.ActiveCfg = Debug|Any CPU
		{4251B888-10B0-4157-AD88-E7CB7B949FBE}.Debug|Any CPU.Build.0 = Debug|Any CPU
		{4251B888-10B0-4157-AD88-E7CB7B949FBE}.Release|Any CPU.ActiveCfg = Release|Any CPU
		{4251B888-10B0-4157-AD88-E7CB7B949FBE}.Release|Any CPU.Build.0 = Release|Any CPU
	EndGlobalSection
EndGlobal
